
Microsoft Visual Studio Solution File, Format Version 12.00
# Visual Studio Version 16
VisualStudioVersion = 16.0.31205.134
MinimumVisualStudioVersion = 10.0.40219.1
Project("{FAE04EC0-301F-11D3-BF4B-00C04F79EFBC}") = "UpdateBlogScript", "UpdateBlogScript\UpdateBlogScript.csproj", "{022DF093-4C03-4712-85C0-FB2665CF4890}"
EndProject
Global
	GlobalSection(SolutionConfigurationPlatforms) = preSolution
		Debug|Any CPU = Debug|Any CPU
		Release|Any CPU = Release|Any CPU
	EndGlobalSection
	GlobalSection(ProjectConfigurationPlatforms) = postSolution
		{022DF093-4C03-4712-85C0-FB2665CF4890}.Debug|Any CPU.ActiveCfg = Debug|Any CPU
		{022DF093-4C03-4712-85C0-FB2665CF4890}.Debug|Any CPU.Build.0 = Debug|Any CPU
		{022DF093-4C03-4712-85C0-FB2665CF4890}.Release|Any CPU.ActiveCfg = Release|Any CPU
		{022DF093-4C03-4712-85C0-FB2665CF4890}.Release|Any CPU.Build.0 = Release|Any CPU
	EndGlobalSection
	GlobalSection(SolutionProperties) = preSolution
		HideSolutionNode = FALSE
	EndGlobalSection
	GlobalSection(ExtensibilityGlobals) = postSolution
		SolutionGuid = {136FE64B-8207-4F64-8ACA-C85B688071A4}
	EndGlobalSection
EndGlobal
