
Microsoft Visual Studio Solution File, Format Version 12.00
# Visual Studio Version 16
VisualStudioVersion = 16.0.31205.134
MinimumVisualStudioVersion = 10.0.40219.1
Project("{FAE04EC0-301F-11D3-BF4B-00C04F79EFBC}") = "MarkdownBlogs", "MarkdownBlogs\MarkdownBlogs.csproj", "{B55AF618-4A24-4DD2-8883-36AA85373D7B}"
EndProject
Global
	GlobalSection(SolutionConfigurationPlatforms) = preSolution
		Debug|Any CPU = Debug|Any CPU
		Release|Any CPU = Release|Any CPU
	EndGlobalSection
	GlobalSection(ProjectConfigurationPlatforms) = postSolution
		{B55AF618-4A24-4DD2-8883-36AA85373D7B}.Debug|Any CPU.ActiveCfg = Debug|Any CPU
		{B55AF618-4A24-4DD2-8883-36AA85373D7B}.Debug|Any CPU.Build.0 = Debug|Any CPU
		{B55AF618-4A24-4DD2-8883-36AA85373D7B}.Release|Any CPU.ActiveCfg = Release|Any CPU
		{B55AF618-4A24-4DD2-8883-36AA85373D7B}.Release|Any CPU.Build.0 = Release|Any CPU
	EndGlobalSection
	GlobalSection(SolutionProperties) = preSolution
		HideSolutionNode = FALSE
	EndGlobalSection
	GlobalSection(ExtensibilityGlobals) = postSolution
		SolutionGuid = {694E3BA8-661C-4ACD-ACE8-A814355C482F}
	EndGlobalSection
EndGlobal
